
Microsoft Visual Studio Solution File, Format Version 12.00
# Visual Studio Version 17
VisualStudioVersion = 17.5.33502.453
MinimumVisualStudioVersion = 10.0.40219.1
Project("{FAE04EC0-301F-11D3-BF4B-00C04F79EFBC}") = "LINQSample", "LINQSample.csproj", "{05570603-3A2F-4DE4-B682-672CAEFFEF95}"
EndProject
Global
	GlobalSection(SolutionConfigurationPlatforms) = preSolution
		Debug|Any CPU = Debug|Any CPU
		Release|Any CPU = Release|Any CPU
	EndGlobalSection
	GlobalSection(ProjectConfigurationPlatforms) = postSolution
		{05570603-3A2F-4DE4-B682-672CAEFFEF95}.Debug|Any CPU.ActiveCfg = Debug|Any CPU
		{05570603-3A2F-4DE4-B682-672CAEFFEF95}.Debug|Any CPU.Build.0 = Debug|Any CPU
		{05570603-3A2F-4DE4-B682-672CAEFFEF95}.Release|Any CPU.ActiveCfg = Release|Any CPU
		{05570603-3A2F-4DE4-B682-672CAEFFEF95}.Release|Any CPU.Build.0 = Release|Any CPU
	EndGlobalSection
	GlobalSection(SolutionProperties) = preSolution
		HideSolutionNode = FALSE
	EndGlobalSection
	GlobalSection(ExtensibilityGlobals) = postSolution
		SolutionGuid = {A0125C73-B373-49DE-A7DA-1ED15E123565}
	EndGlobalSection
EndGlobal
